// !$*UTF8*$!
{
	archiveVersion = 1;
	classes = {
	};
	objectVersion = 48;
	objects = {

/* Begin PBXBuildFile section */
		EA7748312088E43F00CA12B9 /* AppDelegate.swift in Sources */ = {isa = PBXBuildFile; fileRef = EA7748302088E43F00CA12B9 /* AppDelegate.swift */; };
		EA7748332088E43F00CA12B9 /* ViewController.swift in Sources */ = {isa = PBXBuildFile; fileRef = EA7748322088E43F00CA12B9 /* ViewController.swift */; };
		EA7748362088E43F00CA12B9 /* Main.storyboard in Resources */ = {isa = PBXBuildFile; fileRef = EA7748342088E43F00CA12B9 /* Main.storyboard */; };
		EA7748382088E43F00CA12B9 /* Assets.xcassets in Resources */ = {isa = PBXBuildFile; fileRef = EA7748372088E43F00CA12B9 /* Assets.xcassets */; };
		EA77483B2088E43F00CA12B9 /* LaunchScreen.storyboard in Resources */ = {isa = PBXBuildFile; fileRef = EA7748392088E43F00CA12B9 /* LaunchScreen.storyboard */; };
		EA7748432088EBDF00CA12B9 /* pokemon.csv in Resources */ = {isa = PBXBuildFile; fileRef = EA7748422088EBD600CA12B9 /* pokemon.csv */; };
		EA7748462088EF5800CA12B9 /* Pokemon.swift in Sources */ = {isa = PBXBuildFile; fileRef = EA7748452088EF5800CA12B9 /* Pokemon.swift */; };
		EA77484D2088FE2600CA12B9 /* PokeCell.swift in Sources */ = {isa = PBXBuildFile; fileRef = EA77484C2088FE2600CA12B9 /* PokeCell.swift */; };
/* End PBXBuildFile section */

/* Begin PBXFileReference section */
		EA77482D2088E43F00CA12B9 /* pokedex3.app */ = {isa = PBXFileReference; explicitFileType = wrapper.application; includeInIndex = 0; path = pokedex3.app; sourceTree = BUILT_PRODUCTS_DIR; };
		EA7748302088E43F00CA12B9 /* AppDelegate.swift */ = {isa = PBXFileReference; lastKnownFileType = sourcecode.swift; path = AppDelegate.swift; sourceTree = "<group>"; };
		EA7748322088E43F00CA12B9 /* ViewController.swift */ = {isa = PBXFileReference; lastKnownFileType = sourcecode.swift; path = ViewController.swift; sourceTree = "<group>"; };
		EA7748352088E43F00CA12B9 /* Base */ = {isa = PBXFileReference; lastKnownFileType = file.storyboard; name = Base; path = Base.lproj/Main.storyboard; sourceTree = "<group>"; };
		EA7748372088E43F00CA12B9 /* Assets.xcassets */ = {isa = PBXFileReference; lastKnownFileType = folder.assetcatalog; path = Assets.xcassets; sourceTree = "<group>"; };
		EA77483A2088E43F00CA12B9 /* Base */ = {isa = PBXFileReference; lastKnownFileType = file.storyboard; name = Base; path = Base.lproj/LaunchScreen.storyboard; sourceTree = "<group>"; };
		EA77483C2088E43F00CA12B9 /* Info.plist */ = {isa = PBXFileReference; lastKnownFileType = text.plist.xml; path = Info.plist; sourceTree = "<group>"; };
		EA7748422088EBD600CA12B9 /* pokemon.csv */ = {isa = PBXFileReference; fileEncoding = 4; lastKnownFileType = text; path = pokemon.csv; sourceTree = "<group>"; };
		EA7748452088EF5800CA12B9 /* Pokemon.swift */ = {isa = PBXFileReference; lastKnownFileType = sourcecode.swift; path = Pokemon.swift; sourceTree = "<group>"; };
		EA77484C2088FE2600CA12B9 /* PokeCell.swift */ = {isa = PBXFileReference; lastKnownFileType = sourcecode.swift; path = PokeCell.swift; sourceTree = "<group>"; };
/* End PBXFileReference section */

/* Begin PBXFrameworksBuildPhase section */
		EA77482A2088E43F00CA12B9 /* Frameworks */ = {
			isa = PBXFrameworksBuildPhase;
			buildActionMask = 2147483647;
			files = (
			);
			runOnlyForDeploymentPostprocessing = 0;
		};
/* End PBXFrameworksBuildPhase section */

/* Begin PBXGroup section */
		EA7748242088E43F00CA12B9 = {
			isa = PBXGroup;
			children = (
				EA77482F2088E43F00CA12B9 /* pokedex3 */,
				EA77482E2088E43F00CA12B9 /* Products */,
			);
			sourceTree = "<group>";
		};
		EA77482E2088E43F00CA12B9 /* Products */ = {
			isa = PBXGroup;
			children = (
				EA77482D2088E43F00CA12B9 /* pokedex3.app */,
			);
			name = Products;
			sourceTree = "<group>";
		};
		EA77482F2088E43F00CA12B9 /* pokedex3 */ = {
			isa = PBXGroup;
			children = (
				EA7748472088FCF300CA12B9 /* view */,
				EA7748442088EF4400CA12B9 /* model */,
				EA7748302088E43F00CA12B9 /* AppDelegate.swift */,
				EA7748322088E43F00CA12B9 /* ViewController.swift */,
				EA7748342088E43F00CA12B9 /* Main.storyboard */,
				EA7748372088E43F00CA12B9 /* Assets.xcassets */,
				EA7748422088EBD600CA12B9 /* pokemon.csv */,
				EA7748392088E43F00CA12B9 /* LaunchScreen.storyboard */,
				EA77483C2088E43F00CA12B9 /* Info.plist */,
			);
			path = pokedex3;
			sourceTree = "<group>";
		};
		EA7748442088EF4400CA12B9 /* model */ = {
			isa = PBXGroup;
			children = (
				EA7748452088EF5800CA12B9 /* Pokemon.swift */,
			);
			path = model;
			sourceTree = "<group>";
		};
		EA7748472088FCF300CA12B9 /* view */ = {
			isa = PBXGroup;
			children = (
				EA77484C2088FE2600CA12B9 /* PokeCell.swift */,
			);
			path = view;
			sourceTree = "<group>";
		};
/* End PBXGroup section */

/* Begin PBXNativeTarget section */
		EA77482C2088E43F00CA12B9 /* pokedex3 */ = {
			isa = PBXNativeTarget;
			buildConfigurationList = EA77483F2088E43F00CA12B9 /* Build configuration list for PBXNativeTarget "pokedex3" */;
			buildPhases = (
				EA7748292088E43F00CA12B9 /* Sources */,
				EA77482A2088E43F00CA12B9 /* Frameworks */,
				EA77482B2088E43F00CA12B9 /* Resources */,
			);
			buildRules = (
			);
			dependencies = (
			);
			name = pokedex3;
			productName = pokedex3;
			productReference = EA77482D2088E43F00CA12B9 /* pokedex3.app */;
			productType = "com.apple.product-type.application";
		};
/* End PBXNativeTarget section */

/* Begin PBXProject section */
		EA7748252088E43F00CA12B9 /* Project object */ = {
			isa = PBXProject;
			attributes = {
				LastSwiftUpdateCheck = 0910;
				LastUpgradeCheck = 0910;
				ORGANIZATIONNAME = "Hongbo Niu";
				TargetAttributes = {
					EA77482C2088E43F00CA12B9 = {
						CreatedOnToolsVersion = 9.1;
						ProvisioningStyle = Automatic;
					};
				};
			};
			buildConfigurationList = EA7748282088E43F00CA12B9 /* Build configuration list for PBXProject "pokedex3" */;
			compatibilityVersion = "Xcode 8.0";
			developmentRegion = en;
			hasScannedForEncodings = 0;
			knownRegions = (
				en,
				Base,
			);
			mainGroup = EA7748242088E43F00CA12B9;
			productRefGroup = EA77482E2088E43F00CA12B9 /* Products */;
			projectDirPath = "";
			projectRoot = "";
			targets = (
				EA77482C2088E43F00CA12B9 /* pokedex3 */,
			);
		};
/* End PBXProject section */

/* Begin PBXResourcesBuildPhase section */
		EA77482B2088E43F00CA12B9 /* Resources */ = {
			isa = PBXResourcesBuildPhase;
			buildActionMask = 2147483647;
			files = (
				EA77483B2088E43F00CA12B9 /* LaunchScreen.storyboard in Resources */,
				EA7748382088E43F00CA12B9 /* Assets.xcassets in Resources */,
				EA7748432088EBDF00CA12B9 /* pokemon.csv in Resources */,
				EA7748362088E43F00CA12B9 /* Main.storyboard in Resources */,
			);
			runOnlyForDeploymentPostprocessing = 0;
		};
/* End PBXResourcesBuildPhase section */

/* Begin PBXSourcesBuildPhase section */
		EA7748292088E43F00CA12B9 /* Sources */ = {
			isa = PBXSourcesBuildPhase;
			buildActionMask = 2147483647;
			files = (
				EA77484D2088FE2600CA12B9 /* PokeCell.swift in Sources */,
				EA7748332088E43F00CA12B9 /* ViewController.swift in Sources */,
				EA7748312088E43F00CA12B9 /* AppDelegate.swift in Sources */,
				EA7748462088EF5800CA12B9 /* Pokemon.swift in Sources */,
			);
			runOnlyForDeploymentPostprocessing = 0;
		};
/* End PBXSourcesBuildPhase section */

/* Begin PBXVariantGroup section */
		EA7748342088E43F00CA12B9 /* Main.storyboard */ = {
			isa = PBXVariantGroup;
			children = (
				EA7748352088E43F00CA12B9 /* Base */,
			);
			name = Main.storyboard;
			sourceTree = "<group>";
		};
		EA7748392088E43F00CA12B9 /* LaunchScreen.storyboard */ = {
			isa = PBXVariantGroup;
			children = (
				EA77483A2088E43F00CA12B9 /* Base */,
			);
			name = LaunchScreen.storyboard;
			sourceTree = "<group>";
		};
/* End PBXVariantGroup section */

/* Begin XCBuildConfiguration section */
		EA77483D2088E43F00CA12B9 /* Debug */ = {
			isa = XCBuildConfiguration;
			buildSettings = {
				ALWAYS_SEARCH_USER_PATHS = NO;
				CLANG_ANALYZER_NONNULL = YES;
				CLANG_ANALYZER_NUMBER_OBJECT_CONVERSION = YES_AGGRESSIVE;
				CLANG_CXX_LANGUAGE_STANDARD = "gnu++14";
				CLANG_CXX_LIBRARY = "libc++";
				CLANG_ENABLE_MODULES = YES;
				CLANG_ENABLE_OBJC_ARC = YES;
				CLANG_WARN_BLOCK_CAPTURE_AUTORELEASING = YES;
				CLANG_WARN_BOOL_CONVERSION = YES;
				CLANG_WARN_COMMA = YES;
				CLANG_WARN_CONSTANT_CONVERSION = YES;
				CLANG_WARN_DIRECT_OBJC_ISA_USAGE = YES_ERROR;
				CLANG_WARN_DOCUMENTATION_COMMENTS = YES;
				CLANG_WARN_EMPTY_BODY = YES;
				CLANG_WARN_ENUM_CONVERSION = YES;
				CLANG_WARN_INFINITE_RECURSION = YES;
				CLANG_WARN_INT_CONVERSION = YES;
				CLANG_WARN_NON_LITERAL_NULL_CONVERSION = YES;
				CLANG_WARN_OBJC_LITERAL_CONVERSION = YES;
				CLANG_WARN_OBJC_ROOT_CLASS = YES_ERROR;
				CLANG_WARN_RANGE_LOOP_ANALYSIS = YES;
				CLANG_WARN_STRICT_PROTOTYPES = YES;
				CLANG_WARN_SUSPICIOUS_MOVE = YES;
				CLANG_WARN_UNGUARDED_AVAILABILITY = YES_AGGRESSIVE;
				CLANG_WARN_UNREACHABLE_CODE = YES;
				CLANG_WARN__DUPLICATE_METHOD_MATCH = YES;
				CODE_SIGN_IDENTITY = "iPhone Developer";
				COPY_PHASE_STRIP = NO;
				DEBUG_INFORMATION_FORMAT = dwarf;
				ENABLE_STRICT_OBJC_MSGSEND = YES;
				ENABLE_TESTABILITY = YES;
				GCC_C_LANGUAGE_STANDARD = gnu11;
				GCC_DYNAMIC_NO_PIC = NO;
				GCC_NO_COMMON_BLOCKS = YES;
				GCC_OPTIMIZATION_LEVEL = 0;
				GCC_PREPROCESSOR_DEFINITIONS = (
					"DEBUG=1",
					"$(inherited)",
				);
				GCC_WARN_64_TO_32_BIT_CONVERSION = YES;
				GCC_WARN_ABOUT_RETURN_TYPE = YES_ERROR;
				GCC_WARN_UNDECLARED_SELECTOR = YES;
				GCC_WARN_UNINITIALIZED_AUTOS = YES_AGGRESSIVE;
				GCC_WARN_UNUSED_FUNCTION = YES;
				GCC_WARN_UNUSED_VARIABLE = YES;
				IPHONEOS_DEPLOYMENT_TARGET = 11.1;
				MTL_ENABLE_DEBUG_INFO = YES;
				ONLY_ACTIVE_ARCH = YES;
				SDKROOT = iphoneos;
				SWIFT_ACTIVE_COMPILATION_CONDITIONS = DEBUG;
				SWIFT_OPTIMIZATION_LEVEL = "-Onone";
			};
			name = Debug;
		};
		EA77483E2088E43F00CA12B9 /* Release */ = {
			isa = XCBuildConfiguration;
			buildSettings = {
				ALWAYS_SEARCH_USER_PATHS = NO;
				CLANG_ANALYZER_NONNULL = YES;
				CLANG_ANALYZER_NUMBER_OBJECT_CONVERSION = YES_AGGRESSIVE;
				CLANG_CXX_LANGUAGE_STANDARD = "gnu++14";
				CLANG_CXX_LIBRARY = "libc++";
				CLANG_ENABLE_MODULES = YES;
				CLANG_ENABLE_OBJC_ARC = YES;
				CLANG_WARN_BLOCK_CAPTURE_AUTORELEASING = YES;
				CLANG_WARN_BOOL_CONVERSION = YES;
				CLANG_WARN_COMMA = YES;
				CLANG_WARN_CONSTANT_CONVERSION = YES;
				CLANG_WARN_DIRECT_OBJC_ISA_USAGE = YES_ERROR;
				CLANG_WARN_DOCUMENTATION_COMMENTS = YES;
				CLANG_WARN_EMPTY_BODY = YES;
				CLANG_WARN_ENUM_CONVERSION = YES;
				CLANG_WARN_INFINITE_RECURSION = YES;
				CLANG_WARN_INT_CONVERSION = YES;
				CLANG_WARN_NON_LITERAL_NULL_CONVERSION = YES;
				CLANG_WARN_OBJC_LITERAL_CONVERSION = YES;
				CLANG_WARN_OBJC_ROOT_CLASS = YES_ERROR;
				CLANG_WARN_RANGE_LOOP_ANALYSIS = YES;
				CLANG_WARN_STRICT_PROTOTYPES = YES;
				CLANG_WARN_SUSPICIOUS_MOVE = YES;
				CLANG_WARN_UNGUARDED_AVAILABILITY = YES_AGGRESSIVE;
				CLANG_WARN_UNREACHABLE_CODE = YES;
				CLANG_WARN__DUPLICATE_METHOD_MATCH = YES;
				CODE_SIGN_IDENTITY = "iPhone Developer";
				COPY_PHASE_STRIP = NO;
				DEBUG_INFORMATION_FORMAT = "dwarf-with-dsym";
				ENABLE_NS_ASSERTIONS = NO;
				ENABLE_STRICT_OBJC_MSGSEND = YES;
				GCC_C_LANGUAGE_STANDARD = gnu11;
				GCC_NO_COMMON_BLOCKS = YES;
				GCC_WARN_64_TO_32_BIT_CONVERSION = YES;
				GCC_WARN_ABOUT_RETURN_TYPE = YES_ERROR;
				GCC_WARN_UNDECLARED_SELECTOR = YES;
				GCC_WARN_UNINITIALIZED_AUTOS = YES_AGGRESSIVE;
				GCC_WARN_UNUSED_FUNCTION = YES;
				GCC_WARN_UNUSED_VARIABLE = YES;
				IPHONEOS_DEPLOYMENT_TARGET = 11.1;
				MTL_ENABLE_DEBUG_INFO = NO;
				SDKROOT = iphoneos;
				SWIFT_OPTIMIZATION_LEVEL = "-Owholemodule";
				VALIDATE_PRODUCT = YES;
			};
			name = Release;
		};
		EA7748402088E43F00CA12B9 /* Debug */ = {
			isa = XCBuildConfiguration;
			buildSettings = {
				ASSETCATALOG_COMPILER_APPICON_NAME = AppIcon;
				CODE_SIGN_STYLE = Automatic;
				DEVELOPMENT_TEAM = 6WESCS98BF;
				INFOPLIST_FILE = pokedex3/Info.plist;
				LD_RUNPATH_SEARCH_PATHS = "$(inherited) @executable_path/Frameworks";
				PRODUCT_BUNDLE_IDENTIFIER = com.xiaoweichen.pokedex3;
				PRODUCT_NAME = "$(TARGET_NAME)";
				SWIFT_VERSION = 4.0;
				TARGETED_DEVICE_FAMILY = "1,2";
			};
			name = Debug;
		};
		EA7748412088E43F00CA12B9 /* Release */ = {
			isa = XCBuildConfiguration;
			buildSettings = {
				ASSETCATALOG_COMPILER_APPICON_NAME = AppIcon;
				CODE_SIGN_STYLE = Automatic;
				DEVELOPMENT_TEAM = 6WESCS98BF;
				INFOPLIST_FILE = pokedex3/Info.plist;
				LD_RUNPATH_SEARCH_PATHS = "$(inherited) @executable_path/Frameworks";
				PRODUCT_BUNDLE_IDENTIFIER = com.xiaoweichen.pokedex3;
				PRODUCT_NAME = "$(TARGET_NAME)";
				SWIFT_VERSION = 4.0;
				TARGETED_DEVICE_FAMILY = "1,2";
			};
			name = Release;
		};
/* End XCBuildConfiguration section */

/* Begin XCConfigurationList section */
		EA7748282088E43F00CA12B9 /* Build configuration list for PBXProject "pokedex3" */ = {
			isa = XCConfigurationList;
			buildConfigurations = (
				EA77483D2088E43F00CA12B9 /* Debug */,
				EA77483E2088E43F00CA12B9 /* Release */,
			);
			defaultConfigurationIsVisible = 0;
			defaultConfigurationName = Release;
		};
		EA77483F2088E43F00CA12B9 /* Build configuration list for PBXNativeTarget "pokedex3" */ = {
			isa = XCConfigurationList;
			buildConfigurations = (
				EA7748402088E43F00CA12B9 /* Debug */,
				EA7748412088E43F00CA12B9 /* Release */,
			);
			defaultConfigurationIsVisible = 0;
			defaultConfigurationName = Release;
		};
/* End XCConfigurationList section */
	};
	rootObject = EA7748252088E43F00CA12B9 /* Project object */;
}
